
Microsoft Visual Studio Solution File, Format Version 11.00
# Visual C++ Express 2010
Project("{8BC9CEB8-8B4A-11D0-8D11-00A0C91BC942}") = "FT_App_Lift", "FT_App_Lift.vcxproj", "{6C32CB0C-7075-41AD-A8F1-A2DD6469DA95}"
EndProject
Global
	GlobalSection(SolutionConfigurationPlatforms) = preSolution
		Debug|Win32 = Debug|Win32
		Release|Win32 = Release|Win32
	EndGlobalSection
	GlobalSection(ProjectConfigurationPlatforms) = postSolution
		{6C32CB0C-7075-41AD-A8F1-A2DD6469DA95}.Debug|Win32.ActiveCfg = Debug|Win32
		{6C32CB0C-7075-41AD-A8F1-A2DD6469DA95}.Debug|Win32.Build.0 = Debug|Win32
		{6C32CB0C-7075-41AD-A8F1-A2DD6469DA95}.Release|Win32.ActiveCfg = Release|Win32
		{6C32CB0C-7075-41AD-A8F1-A2DD6469DA95}.Release|Win32.Build.0 = Release|Win32
	EndGlobalSection
	GlobalSection(SolutionProperties) = preSolution
		HideSolutionNode = FALSE
	EndGlobalSection
EndGlobal
